// !$*UTF8*$!
{
	archiveVersion = 1;
	classes = {
	};
	objectVersion = 46;
	objects = {

/* Begin PBXBuildFile section */
		62E2710DDA204136C723444F /* Pods_DetectedWifi.framework in Frameworks */ = {isa = PBXBuildFile; fileRef = 11A022E8B05589B6B63E1555 /* Pods_DetectedWifi.framework */; };
		7522CF9E1C92AB41001012CF /* FromJSON.swift in Sources */ = {isa = PBXBuildFile; fileRef = 7522CF991C92AB41001012CF /* FromJSON.swift */; };
		7522CF9F1C92AB41001012CF /* Map.swift in Sources */ = {isa = PBXBuildFile; fileRef = 7522CF9A1C92AB41001012CF /* Map.swift */; };
		7522CFA01C92AB41001012CF /* Mapper.swift in Sources */ = {isa = PBXBuildFile; fileRef = 7522CF9B1C92AB41001012CF /* Mapper.swift */; };
		7522CFA11C92AB41001012CF /* Operators.swift in Sources */ = {isa = PBXBuildFile; fileRef = 7522CF9C1C92AB41001012CF /* Operators.swift */; };
		7522CFA21C92AB41001012CF /* ToJSON.swift in Sources */ = {isa = PBXBuildFile; fileRef = 7522CF9D1C92AB41001012CF /* ToJSON.swift */; };
		7522CFB01C92AB4F001012CF /* BoolTransform.swift in Sources */ = {isa = PBXBuildFile; fileRef = 7522CFA31C92AB4F001012CF /* BoolTransform.swift */; };
		7522CFB11C92AB4F001012CF /* CustomDateFormatTransform.swift in Sources */ = {isa = PBXBuildFile; fileRef = 7522CFA41C92AB4F001012CF /* CustomDateFormatTransform.swift */; };
		7522CFB21C92AB4F001012CF /* DateFormatterTransform.swift in Sources */ = {isa = PBXBuildFile; fileRef = 7522CFA51C92AB4F001012CF /* DateFormatterTransform.swift */; };
		7522CFB31C92AB4F001012CF /* DateTransform.swift in Sources */ = {isa = PBXBuildFile; fileRef = 7522CFA61C92AB4F001012CF /* DateTransform.swift */; };
		7522CFB41C92AB4F001012CF /* DoubleTransform.swift in Sources */ = {isa = PBXBuildFile; fileRef = 7522CFA71C92AB4F001012CF /* DoubleTransform.swift */; };
		7522CFB51C92AB4F001012CF /* EnumTransform.swift in Sources */ = {isa = PBXBuildFile; fileRef = 7522CFA81C92AB4F001012CF /* EnumTransform.swift */; };
		7522CFB61C92AB4F001012CF /* HTMLToTextTransform.swift in Sources */ = {isa = PBXBuildFile; fileRef = 7522CFA91C92AB4F001012CF /* HTMLToTextTransform.swift */; };
		7522CFB71C92AB4F001012CF /* IntegerTransform.swift in Sources */ = {isa = PBXBuildFile; fileRef = 7522CFAA1C92AB4F001012CF /* IntegerTransform.swift */; };
		7522CFB81C92AB4F001012CF /* ISO8601DateTransform.swift in Sources */ = {isa = PBXBuildFile; fileRef = 7522CFAB1C92AB4F001012CF /* ISO8601DateTransform.swift */; };
		7522CFB91C92AB4F001012CF /* TransformOf.swift in Sources */ = {isa = PBXBuildFile; fileRef = 7522CFAC1C92AB4F001012CF /* TransformOf.swift */; };
		7522CFBA1C92AB4F001012CF /* TransformType.swift in Sources */ = {isa = PBXBuildFile; fileRef = 7522CFAD1C92AB4F001012CF /* TransformType.swift */; };
		7522CFBB1C92AB4F001012CF /* UnixDateTransform.swift in Sources */ = {isa = PBXBuildFile; fileRef = 7522CFAE1C92AB4F001012CF /* UnixDateTransform.swift */; };
		7522CFBC1C92AB4F001012CF /* URLTransform.swift in Sources */ = {isa = PBXBuildFile; fileRef = 7522CFAF1C92AB4F001012CF /* URLTransform.swift */; };
		7551FF831C9170E500E3412D /* Alamofire.swift in Sources */ = {isa = PBXBuildFile; fileRef = 7551FF761C9170E500E3412D /* Alamofire.swift */; };
		7551FF841C9170E500E3412D /* Download.swift in Sources */ = {isa = PBXBuildFile; fileRef = 7551FF771C9170E500E3412D /* Download.swift */; };
		7551FF851C9170E500E3412D /* Error.swift in Sources */ = {isa = PBXBuildFile; fileRef = 7551FF781C9170E500E3412D /* Error.swift */; };
		7551FF861C9170E500E3412D /* Manager.swift in Sources */ = {isa = PBXBuildFile; fileRef = 7551FF791C9170E500E3412D /* Manager.swift */; };
		7551FF871C9170E500E3412D /* MultipartFormData.swift in Sources */ = {isa = PBXBuildFile; fileRef = 7551FF7A1C9170E500E3412D /* MultipartFormData.swift */; };
		7551FF881C9170E500E3412D /* ParameterEncoding.swift in Sources */ = {isa = PBXBuildFile; fileRef = 7551FF7B1C9170E500E3412D /* ParameterEncoding.swift */; };
		7551FF891C9170E500E3412D /* Request.swift in Sources */ = {isa = PBXBuildFile; fileRef = 7551FF7C1C9170E500E3412D /* Request.swift */; };
		7551FF8A1C9170E500E3412D /* ResponseSerialization.swift in Sources */ = {isa = PBXBuildFile; fileRef = 7551FF7D1C9170E500E3412D /* ResponseSerialization.swift */; };
		7551FF8B1C9170E500E3412D /* Result.swift in Sources */ = {isa = PBXBuildFile; fileRef = 7551FF7E1C9170E500E3412D /* Result.swift */; };
		7551FF8C1C9170E500E3412D /* ServerTrustPolicy.swift in Sources */ = {isa = PBXBuildFile; fileRef = 7551FF7F1C9170E500E3412D /* ServerTrustPolicy.swift */; };
		7551FF8D1C9170E500E3412D /* Stream.swift in Sources */ = {isa = PBXBuildFile; fileRef = 7551FF801C9170E500E3412D /* Stream.swift */; };
		7551FF8E1C9170E500E3412D /* Upload.swift in Sources */ = {isa = PBXBuildFile; fileRef = 7551FF811C9170E500E3412D /* Upload.swift */; };
		7551FF8F1C9170E500E3412D /* Validation.swift in Sources */ = {isa = PBXBuildFile; fileRef = 7551FF821C9170E500E3412D /* Validation.swift */; };
		758EBA4A1C8E88A10064BEE6 /* AppDelegate.swift in Sources */ = {isa = PBXBuildFile; fileRef = 758EBA491C8E88A10064BEE6 /* AppDelegate.swift */; };
		758EBA4C1C8E88A10064BEE6 /* ViewController.swift in Sources */ = {isa = PBXBuildFile; fileRef = 758EBA4B1C8E88A10064BEE6 /* ViewController.swift */; };
		758EBA4F1C8E88A10064BEE6 /* Main.storyboard in Resources */ = {isa = PBXBuildFile; fileRef = 758EBA4D1C8E88A10064BEE6 /* Main.storyboard */; };
		758EBA511C8E88A10064BEE6 /* Assets.xcassets in Resources */ = {isa = PBXBuildFile; fileRef = 758EBA501C8E88A10064BEE6 /* Assets.xcassets */; };
		758EBA541C8E88A10064BEE6 /* LaunchScreen.storyboard in Resources */ = {isa = PBXBuildFile; fileRef = 758EBA521C8E88A10064BEE6 /* LaunchScreen.storyboard */; };
		758EBA5F1C8E88A10064BEE6 /* DetectedWifiTests.swift in Sources */ = {isa = PBXBuildFile; fileRef = 758EBA5E1C8E88A10064BEE6 /* DetectedWifiTests.swift */; };
		758EBA6A1C8E88A10064BEE6 /* DetectedWifiUITests.swift in Sources */ = {isa = PBXBuildFile; fileRef = 758EBA691C8E88A10064BEE6 /* DetectedWifiUITests.swift */; };
		758EBA781C8E89BA0064BEE6 /* DWLocaitonManager.swift in Sources */ = {isa = PBXBuildFile; fileRef = 758EBA771C8E89BA0064BEE6 /* DWLocaitonManager.swift */; };
		758EBA7A1C8E8A910064BEE6 /* CoreLocation.framework in Frameworks */ = {isa = PBXBuildFile; fileRef = 758EBA791C8E8A910064BEE6 /* CoreLocation.framework */; };
		758EBA7E1C8E8F530064BEE6 /* DWConnection.swift in Sources */ = {isa = PBXBuildFile; fileRef = 758EBA7D1C8E8F530064BEE6 /* DWConnection.swift */; };
		758EBA821C8E924A0064BEE6 /* Reachability.swift in Sources */ = {isa = PBXBuildFile; fileRef = 758EBA811C8E924A0064BEE6 /* Reachability.swift */; };
		758EBA841C8ED2480064BEE6 /* SystemConfiguration.framework in Frameworks */ = {isa = PBXBuildFile; fileRef = 758EBA831C8ED2480064BEE6 /* SystemConfiguration.framework */; };
/* End PBXBuildFile section */

/* Begin PBXContainerItemProxy section */
		758EBA5B1C8E88A10064BEE6 /* PBXContainerItemProxy */ = {
			isa = PBXContainerItemProxy;
			containerPortal = 758EBA3E1C8E88A10064BEE6 /* Project object */;
			proxyType = 1;
			remoteGlobalIDString = 758EBA451C8E88A10064BEE6;
			remoteInfo = DetectedWifi;
		};
		758EBA661C8E88A10064BEE6 /* PBXContainerItemProxy */ = {
			isa = PBXContainerItemProxy;
			containerPortal = 758EBA3E1C8E88A10064BEE6 /* Project object */;
			proxyType = 1;
			remoteGlobalIDString = 758EBA451C8E88A10064BEE6;
			remoteInfo = DetectedWifi;
		};
/* End PBXContainerItemProxy section */

/* Begin PBXFileReference section */
		11A022E8B05589B6B63E1555 /* Pods_DetectedWifi.framework */ = {isa = PBXFileReference; explicitFileType = wrapper.framework; includeInIndex = 0; path = Pods_DetectedWifi.framework; sourceTree = BUILT_PRODUCTS_DIR; };
		7522CF991C92AB41001012CF /* FromJSON.swift */ = {isa = PBXFileReference; fileEncoding = 4; lastKnownFileType = sourcecode.swift; name = FromJSON.swift; path = Libraries/ObjectMapper/Core/FromJSON.swift; sourceTree = "<group>"; };
		7522CF9A1C92AB41001012CF /* Map.swift */ = {isa = PBXFileReference; fileEncoding = 4; lastKnownFileType = sourcecode.swift; name = Map.swift; path = Libraries/ObjectMapper/Core/Map.swift; sourceTree = "<group>"; };
		7522CF9B1C92AB41001012CF /* Mapper.swift */ = {isa = PBXFileReference; fileEncoding = 4; lastKnownFileType = sourcecode.swift; name = Mapper.swift; path = Libraries/ObjectMapper/Core/Mapper.swift; sourceTree = "<group>"; };
		7522CF9C1C92AB41001012CF /* Operators.swift */ = {isa = PBXFileReference; fileEncoding = 4; lastKnownFileType = sourcecode.swift; name = Operators.swift; path = Libraries/ObjectMapper/Core/Operators.swift; sourceTree = "<group>"; };
		7522CF9D1C92AB41001012CF /* ToJSON.swift */ = {isa = PBXFileReference; fileEncoding = 4; lastKnownFileType = sourcecode.swift; name = ToJSON.swift; path = Libraries/ObjectMapper/Core/ToJSON.swift; sourceTree = "<group>"; };
		7522CFA31C92AB4F001012CF /* BoolTransform.swift */ = {isa = PBXFileReference; fileEncoding = 4; lastKnownFileType = sourcecode.swift; name = BoolTransform.swift; path = Libraries/ObjectMapper/Transforms/BoolTransform.swift; sourceTree = "<group>"; };
		7522CFA41C92AB4F001012CF /* CustomDateFormatTransform.swift */ = {isa = PBXFileReference; fileEncoding = 4; lastKnownFileType = sourcecode.swift; name = CustomDateFormatTransform.swift; path = Libraries/ObjectMapper/Transforms/CustomDateFormatTransform.swift; sourceTree = "<group>"; };
		7522CFA51C92AB4F001012CF /* DateFormatterTransform.swift */ = {isa = PBXFileReference; fileEncoding = 4; lastKnownFileType = sourcecode.swift; name = DateFormatterTransform.swift; path = Libraries/ObjectMapper/Transforms/DateFormatterTransform.swift; sourceTree = "<group>"; };
		7522CFA61C92AB4F001012CF /* DateTransform.swift */ = {isa = PBXFileReference; fileEncoding = 4; lastKnownFileType = sourcecode.swift; name = DateTransform.swift; path = Libraries/ObjectMapper/Transforms/DateTransform.swift; sourceTree = "<group>"; };
		7522CFA71C92AB4F001012CF /* DoubleTransform.swift */ = {isa = PBXFileReference; fileEncoding = 4; lastKnownFileType = sourcecode.swift; name = DoubleTransform.swift; path = Libraries/ObjectMapper/Transforms/DoubleTransform.swift; sourceTree = "<group>"; };
		7522CFA81C92AB4F001012CF /* EnumTransform.swift */ = {isa = PBXFileReference; fileEncoding = 4; lastKnownFileType = sourcecode.swift; name = EnumTransform.swift; path = Libraries/ObjectMapper/Transforms/EnumTransform.swift; sourceTree = "<group>"; };
		7522CFA91C92AB4F001012CF /* HTMLToTextTransform.swift */ = {isa = PBXFileReference; fileEncoding = 4; lastKnownFileType = sourcecode.swift; name = HTMLToTextTransform.swift; path = Libraries/ObjectMapper/Transforms/HTMLToTextTransform.swift; sourceTree = "<group>"; };
		7522CFAA1C92AB4F001012CF /* IntegerTransform.swift */ = {isa = PBXFileReference; fileEncoding = 4; lastKnownFileType = sourcecode.swift; name = IntegerTransform.swift; path = Libraries/ObjectMapper/Transforms/IntegerTransform.swift; sourceTree = "<group>"; };
		7522CFAB1C92AB4F001012CF /* ISO8601DateTransform.swift */ = {isa = PBXFileReference; fileEncoding = 4; lastKnownFileType = sourcecode.swift; name = ISO8601DateTransform.swift; path = Libraries/ObjectMapper/Transforms/ISO8601DateTransform.swift; sourceTree = "<group>"; };
		7522CFAC1C92AB4F001012CF /* TransformOf.swift */ = {isa = PBXFileReference; fileEncoding = 4; lastKnownFileType = sourcecode.swift; name = TransformOf.swift; path = Libraries/ObjectMapper/Transforms/TransformOf.swift; sourceTree = "<group>"; };
		7522CFAD1C92AB4F001012CF /* TransformType.swift */ = {isa = PBXFileReference; fileEncoding = 4; lastKnownFileType = sourcecode.swift; name = TransformType.swift; path = Libraries/ObjectMapper/Transforms/TransformType.swift; sourceTree = "<group>"; };
		7522CFAE1C92AB4F001012CF /* UnixDateTransform.swift */ = {isa = PBXFileReference; fileEncoding = 4; lastKnownFileType = sourcecode.swift; name = UnixDateTransform.swift; path = Libraries/ObjectMapper/Transforms/UnixDateTransform.swift; sourceTree = "<group>"; };
		7522CFAF1C92AB4F001012CF /* URLTransform.swift */ = {isa = PBXFileReference; fileEncoding = 4; lastKnownFileType = sourcecode.swift; name = URLTransform.swift; path = Libraries/ObjectMapper/Transforms/URLTransform.swift; sourceTree = "<group>"; };
		7551FF751C9170E500E3412D /* Alamofire.h */ = {isa = PBXFileReference; fileEncoding = 4; lastKnownFileType = sourcecode.c.h; name = Alamofire.h; path = Libraries/Alamofire/Alamofire.h; sourceTree = "<group>"; };
		7551FF761C9170E500E3412D /* Alamofire.swift */ = {isa = PBXFileReference; fileEncoding = 4; lastKnownFileType = sourcecode.swift; name = Alamofire.swift; path = Libraries/Alamofire/Alamofire.swift; sourceTree = "<group>"; };
		7551FF771C9170E500E3412D /* Download.swift */ = {isa = PBXFileReference; fileEncoding = 4; lastKnownFileType = sourcecode.swift; name = Download.swift; path = Libraries/Alamofire/Download.swift; sourceTree = "<group>"; };
		7551FF781C9170E500E3412D /* Error.swift */ = {isa = PBXFileReference; fileEncoding = 4; lastKnownFileType = sourcecode.swift; name = Error.swift; path = Libraries/Alamofire/Error.swift; sourceTree = "<group>"; };
		7551FF791C9170E500E3412D /* Manager.swift */ = {isa = PBXFileReference; fileEncoding = 4; lastKnownFileType = sourcecode.swift; name = Manager.swift; path = Libraries/Alamofire/Manager.swift; sourceTree = "<group>"; };
		7551FF7A1C9170E500E3412D /* MultipartFormData.swift */ = {isa = PBXFileReference; fileEncoding = 4; lastKnownFileType = sourcecode.swift; name = MultipartFormData.swift; path = Libraries/Alamofire/MultipartFormData.swift; sourceTree = "<group>"; };
		7551FF7B1C9170E500E3412D /* ParameterEncoding.swift */ = {isa = PBXFileReference; fileEncoding = 4; lastKnownFileType = sourcecode.swift; name = ParameterEncoding.swift; path = Libraries/Alamofire/ParameterEncoding.swift; sourceTree = "<group>"; };
		7551FF7C1C9170E500E3412D /* Request.swift */ = {isa = PBXFileReference; fileEncoding = 4; lastKnownFileType = sourcecode.swift; name = Request.swift; path = Libraries/Alamofire/Request.swift; sourceTree = "<group>"; };
		7551FF7D1C9170E500E3412D /* ResponseSerialization.swift */ = {isa = PBXFileReference; fileEncoding = 4; lastKnownFileType = sourcecode.swift; name = ResponseSerialization.swift; path = Libraries/Alamofire/ResponseSerialization.swift; sourceTree = "<group>"; };
		7551FF7E1C9170E500E3412D /* Result.swift */ = {isa = PBXFileReference; fileEncoding = 4; lastKnownFileType = sourcecode.swift; name = Result.swift; path = Libraries/Alamofire/Result.swift; sourceTree = "<group>"; };
		7551FF7F1C9170E500E3412D /* ServerTrustPolicy.swift */ = {isa = PBXFileReference; fileEncoding = 4; lastKnownFileType = sourcecode.swift; name = ServerTrustPolicy.swift; path = Libraries/Alamofire/ServerTrustPolicy.swift; sourceTree = "<group>"; };
		7551FF801C9170E500E3412D /* Stream.swift */ = {isa = PBXFileReference; fileEncoding = 4; lastKnownFileType = sourcecode.swift; name = Stream.swift; path = Libraries/Alamofire/Stream.swift; sourceTree = "<group>"; };
		7551FF811C9170E500E3412D /* Upload.swift */ = {isa = PBXFileReference; fileEncoding = 4; lastKnownFileType = sourcecode.swift; name = Upload.swift; path = Libraries/Alamofire/Upload.swift; sourceTree = "<group>"; };
		7551FF821C9170E500E3412D /* Validation.swift */ = {isa = PBXFileReference; fileEncoding = 4; lastKnownFileType = sourcecode.swift; name = Validation.swift; path = Libraries/Alamofire/Validation.swift; sourceTree = "<group>"; };
		758EBA461C8E88A10064BEE6 /* DetectedWifi.app */ = {isa = PBXFileReference; explicitFileType = wrapper.application; includeInIndex = 0; path = DetectedWifi.app; sourceTree = BUILT_PRODUCTS_DIR; };
		758EBA491C8E88A10064BEE6 /* AppDelegate.swift */ = {isa = PBXFileReference; lastKnownFileType = sourcecode.swift; path = AppDelegate.swift; sourceTree = "<group>"; };
		758EBA4B1C8E88A10064BEE6 /* ViewController.swift */ = {isa = PBXFileReference; lastKnownFileType = sourcecode.swift; path = ViewController.swift; sourceTree = "<group>"; };
		758EBA4E1C8E88A10064BEE6 /* Base */ = {isa = PBXFileReference; lastKnownFileType = file.storyboard; name = Base; path = Base.lproj/Main.storyboard; sourceTree = "<group>"; };
		758EBA501C8E88A10064BEE6 /* Assets.xcassets */ = {isa = PBXFileReference; lastKnownFileType = folder.assetcatalog; path = Assets.xcassets; sourceTree = "<group>"; };
		758EBA531C8E88A10064BEE6 /* Base */ = {isa = PBXFileReference; lastKnownFileType = file.storyboard; name = Base; path = Base.lproj/LaunchScreen.storyboard; sourceTree = "<group>"; };
		758EBA551C8E88A10064BEE6 /* Info.plist */ = {isa = PBXFileReference; lastKnownFileType = text.plist.xml; path = Info.plist; sourceTree = "<group>"; };
		758EBA5A1C8E88A10064BEE6 /* DetectedWifiTests.xctest */ = {isa = PBXFileReference; explicitFileType = wrapper.cfbundle; includeInIndex = 0; path = DetectedWifiTests.xctest; sourceTree = BUILT_PRODUCTS_DIR; };
		758EBA5E1C8E88A10064BEE6 /* DetectedWifiTests.swift */ = {isa = PBXFileReference; lastKnownFileType = sourcecode.swift; path = DetectedWifiTests.swift; sourceTree = "<group>"; };
		758EBA601C8E88A10064BEE6 /* Info.plist */ = {isa = PBXFileReference; lastKnownFileType = text.plist.xml; path = Info.plist; sourceTree = "<group>"; };
		758EBA651C8E88A10064BEE6 /* DetectedWifiUITests.xctest */ = {isa = PBXFileReference; explicitFileType = wrapper.cfbundle; includeInIndex = 0; path = DetectedWifiUITests.xctest; sourceTree = BUILT_PRODUCTS_DIR; };
		758EBA691C8E88A10064BEE6 /* DetectedWifiUITests.swift */ = {isa = PBXFileReference; lastKnownFileType = sourcecode.swift; path = DetectedWifiUITests.swift; sourceTree = "<group>"; };
		758EBA6B1C8E88A10064BEE6 /* Info.plist */ = {isa = PBXFileReference; lastKnownFileType = text.plist.xml; path = Info.plist; sourceTree = "<group>"; };
		758EBA771C8E89BA0064BEE6 /* DWLocaitonManager.swift */ = {isa = PBXFileReference; fileEncoding = 4; lastKnownFileType = sourcecode.swift; path = DWLocaitonManager.swift; sourceTree = "<group>"; };
		758EBA791C8E8A910064BEE6 /* CoreLocation.framework */ = {isa = PBXFileReference; lastKnownFileType = wrapper.framework; name = CoreLocation.framework; path = System/Library/Frameworks/CoreLocation.framework; sourceTree = SDKROOT; };
		758EBA7D1C8E8F530064BEE6 /* DWConnection.swift */ = {isa = PBXFileReference; fileEncoding = 4; lastKnownFileType = sourcecode.swift; name = DWConnection.swift; path = Connections/DWConnection.swift; sourceTree = "<group>"; };
		758EBA811C8E924A0064BEE6 /* Reachability.swift */ = {isa = PBXFileReference; fileEncoding = 4; lastKnownFileType = sourcecode.swift; name = Reachability.swift; path = Libraries/Reachability.swift; sourceTree = "<group>"; };
		758EBA831C8ED2480064BEE6 /* SystemConfiguration.framework */ = {isa = PBXFileReference; lastKnownFileType = wrapper.framework; name = SystemConfiguration.framework; path = System/Library/Frameworks/SystemConfiguration.framework; sourceTree = SDKROOT; };
		88976E86B485F899AF6F1763 /* Pods-DetectedWifi.debug.xcconfig */ = {isa = PBXFileReference; includeInIndex = 1; lastKnownFileType = text.xcconfig; name = "Pods-DetectedWifi.debug.xcconfig"; path = "Pods/Target Support Files/Pods-DetectedWifi/Pods-DetectedWifi.debug.xcconfig"; sourceTree = "<group>"; };
		8F2A910449AEB3EB7C645F98 /* Pods-DetectedWifi.release.xcconfig */ = {isa = PBXFileReference; includeInIndex = 1; lastKnownFileType = text.xcconfig; name = "Pods-DetectedWifi.release.xcconfig"; path = "Pods/Target Support Files/Pods-DetectedWifi/Pods-DetectedWifi.release.xcconfig"; sourceTree = "<group>"; };
/* End PBXFileReference section */

/* Begin PBXFrameworksBuildPhase section */
		758EBA431C8E88A10064BEE6 /* Frameworks */ = {
			isa = PBXFrameworksBuildPhase;
			buildActionMask = 2147483647;
			files = (
				758EBA841C8ED2480064BEE6 /* SystemConfiguration.framework in Frameworks */,
				758EBA7A1C8E8A910064BEE6 /* CoreLocation.framework in Frameworks */,
				62E2710DDA204136C723444F /* Pods_DetectedWifi.framework in Frameworks */,
			);
			runOnlyForDeploymentPostprocessing = 0;
		};
		758EBA571C8E88A10064BEE6 /* Frameworks */ = {
			isa = PBXFrameworksBuildPhase;
			buildActionMask = 2147483647;
			files = (
			);
			runOnlyForDeploymentPostprocessing = 0;
		};
		758EBA621C8E88A10064BEE6 /* Frameworks */ = {
			isa = PBXFrameworksBuildPhase;
			buildActionMask = 2147483647;
			files = (
			);
			runOnlyForDeploymentPostprocessing = 0;
		};
/* End PBXFrameworksBuildPhase section */

/* Begin PBXGroup section */
		04CD95FC26745AD37666A180 /* Pods */ = {
			isa = PBXGroup;
			children = (
				88976E86B485F899AF6F1763 /* Pods-DetectedWifi.debug.xcconfig */,
				8F2A910449AEB3EB7C645F98 /* Pods-DetectedWifi.release.xcconfig */,
			);
			name = Pods;
			sourceTree = "<group>";
		};
		3642BC9D1C967557008AFCB8 /* Frameworks */ = {
			isa = PBXGroup;
			children = (
				758EBA831C8ED2480064BEE6 /* SystemConfiguration.framework */,
				758EBA791C8E8A910064BEE6 /* CoreLocation.framework */,
				11A022E8B05589B6B63E1555 /* Pods_DetectedWifi.framework */,
			);
			name = Frameworks;
			sourceTree = "<group>";
		};
		7522CF961C92AB1F001012CF /* ObjectMapper */ = {
			isa = PBXGroup;
			children = (
				7522CF981C92AB30001012CF /* Transform */,
				7522CF971C92AB27001012CF /* Core */,
			);
			name = ObjectMapper;
			sourceTree = "<group>";
		};
		7522CF971C92AB27001012CF /* Core */ = {
			isa = PBXGroup;
			children = (
				7522CF991C92AB41001012CF /* FromJSON.swift */,
				7522CF9A1C92AB41001012CF /* Map.swift */,
				7522CF9B1C92AB41001012CF /* Mapper.swift */,
				7522CF9C1C92AB41001012CF /* Operators.swift */,
				7522CF9D1C92AB41001012CF /* ToJSON.swift */,
			);
			name = Core;
			sourceTree = "<group>";
		};
		7522CF981C92AB30001012CF /* Transform */ = {
			isa = PBXGroup;
			children = (
				7522CFA31C92AB4F001012CF /* BoolTransform.swift */,
				7522CFA41C92AB4F001012CF /* CustomDateFormatTransform.swift */,
				7522CFA51C92AB4F001012CF /* DateFormatterTransform.swift */,
				7522CFA61C92AB4F001012CF /* DateTransform.swift */,
				7522CFA71C92AB4F001012CF /* DoubleTransform.swift */,
				7522CFA81C92AB4F001012CF /* EnumTransform.swift */,
				7522CFA91C92AB4F001012CF /* HTMLToTextTransform.swift */,
				7522CFAA1C92AB4F001012CF /* IntegerTransform.swift */,
				7522CFAB1C92AB4F001012CF /* ISO8601DateTransform.swift */,
				7522CFAC1C92AB4F001012CF /* TransformOf.swift */,
				7522CFAD1C92AB4F001012CF /* TransformType.swift */,
				7522CFAE1C92AB4F001012CF /* UnixDateTransform.swift */,
				7522CFAF1C92AB4F001012CF /* URLTransform.swift */,
			);
			name = Transform;
			sourceTree = "<group>";
		};
		7551FF741C9170C600E3412D /* Alamofire */ = {
			isa = PBXGroup;
			children = (
				7551FF751C9170E500E3412D /* Alamofire.h */,
				7551FF761C9170E500E3412D /* Alamofire.swift */,
				7551FF771C9170E500E3412D /* Download.swift */,
				7551FF781C9170E500E3412D /* Error.swift */,
				7551FF791C9170E500E3412D /* Manager.swift */,
				7551FF7A1C9170E500E3412D /* MultipartFormData.swift */,
				7551FF7B1C9170E500E3412D /* ParameterEncoding.swift */,
				7551FF7C1C9170E500E3412D /* Request.swift */,
				7551FF7D1C9170E500E3412D /* ResponseSerialization.swift */,
				7551FF7E1C9170E500E3412D /* Result.swift */,
				7551FF7F1C9170E500E3412D /* ServerTrustPolicy.swift */,
				7551FF801C9170E500E3412D /* Stream.swift */,
				7551FF811C9170E500E3412D /* Upload.swift */,
				7551FF821C9170E500E3412D /* Validation.swift */,
			);
			name = Alamofire;
			sourceTree = "<group>";
		};
		758EBA3D1C8E88A10064BEE6 = {
			isa = PBXGroup;
			children = (
				3642BC9D1C967557008AFCB8 /* Frameworks */,
				758EBA481C8E88A10064BEE6 /* DetectedWifi */,
				758EBA5D1C8E88A10064BEE6 /* DetectedWifiTests */,
				758EBA681C8E88A10064BEE6 /* DetectedWifiUITests */,
				758EBA471C8E88A10064BEE6 /* Products */,
				04CD95FC26745AD37666A180 /* Pods */,
			);
			sourceTree = "<group>";
		};
		758EBA471C8E88A10064BEE6 /* Products */ = {
			isa = PBXGroup;
			children = (
				758EBA461C8E88A10064BEE6 /* DetectedWifi.app */,
				758EBA5A1C8E88A10064BEE6 /* DetectedWifiTests.xctest */,
				758EBA651C8E88A10064BEE6 /* DetectedWifiUITests.xctest */,
			);
			name = Products;
			sourceTree = "<group>";
		};
		758EBA481C8E88A10064BEE6 /* DetectedWifi */ = {
			isa = PBXGroup;
			children = (
				758EBA801C8E92290064BEE6 /* Libraries */,
				758EBA7F1C8E92110064BEE6 /* Connections */,
				758EBA491C8E88A10064BEE6 /* AppDelegate.swift */,
				758EBA4B1C8E88A10064BEE6 /* ViewController.swift */,
				758EBA4D1C8E88A10064BEE6 /* Main.storyboard */,
				758EBA501C8E88A10064BEE6 /* Assets.xcassets */,
				758EBA521C8E88A10064BEE6 /* LaunchScreen.storyboard */,
				758EBA551C8E88A10064BEE6 /* Info.plist */,
				758EBA771C8E89BA0064BEE6 /* DWLocaitonManager.swift */,
			);
			path = DetectedWifi;
			sourceTree = "<group>";
		};
		758EBA5D1C8E88A10064BEE6 /* DetectedWifiTests */ = {
			isa = PBXGroup;
			children = (
				758EBA5E1C8E88A10064BEE6 /* DetectedWifiTests.swift */,
				758EBA601C8E88A10064BEE6 /* Info.plist */,
			);
			path = DetectedWifiTests;
			sourceTree = "<group>";
		};
		758EBA681C8E88A10064BEE6 /* DetectedWifiUITests */ = {
			isa = PBXGroup;
			children = (
				758EBA691C8E88A10064BEE6 /* DetectedWifiUITests.swift */,
				758EBA6B1C8E88A10064BEE6 /* Info.plist */,
			);
			path = DetectedWifiUITests;
			sourceTree = "<group>";
		};
		758EBA7F1C8E92110064BEE6 /* Connections */ = {
			isa = PBXGroup;
			children = (
				7551FF741C9170C600E3412D /* Alamofire */,
				758EBA7D1C8E8F530064BEE6 /* DWConnection.swift */,
			);
			name = Connections;
			sourceTree = "<group>";
		};
		758EBA801C8E92290064BEE6 /* Libraries */ = {
			isa = PBXGroup;
			children = (
				7522CF961C92AB1F001012CF /* ObjectMapper */,
				758EBA811C8E924A0064BEE6 /* Reachability.swift */,
			);
			name = Libraries;
			sourceTree = "<group>";
		};
/* End PBXGroup section */

/* Begin PBXNativeTarget section */
		758EBA451C8E88A10064BEE6 /* DetectedWifi */ = {
			isa = PBXNativeTarget;
			buildConfigurationList = 758EBA6E1C8E88A10064BEE6 /* Build configuration list for PBXNativeTarget "DetectedWifi" */;
			buildPhases = (
				3CD83B244589C5E0AADBEB13 /* Check Pods Manifest.lock */,
				758EBA421C8E88A10064BEE6 /* Sources */,
				758EBA431C8E88A10064BEE6 /* Frameworks */,
				758EBA441C8E88A10064BEE6 /* Resources */,
				F449DC1A1CD14737CD26257C /* Embed Pods Frameworks */,
				3548B155C8D769330380D42C /* Copy Pods Resources */,
			);
			buildRules = (
			);
			dependencies = (
			);
			name = DetectedWifi;
			productName = DetectedWifi;
			productReference = 758EBA461C8E88A10064BEE6 /* DetectedWifi.app */;
			productType = "com.apple.product-type.application";
		};
		758EBA591C8E88A10064BEE6 /* DetectedWifiTests */ = {
			isa = PBXNativeTarget;
			buildConfigurationList = 758EBA711C8E88A10064BEE6 /* Build configuration list for PBXNativeTarget "DetectedWifiTests" */;
			buildPhases = (
				758EBA561C8E88A10064BEE6 /* Sources */,
				758EBA571C8E88A10064BEE6 /* Frameworks */,
				758EBA581C8E88A10064BEE6 /* Resources */,
			);
			buildRules = (
			);
			dependencies = (
				758EBA5C1C8E88A10064BEE6 /* PBXTargetDependency */,
			);
			name = DetectedWifiTests;
			productName = DetectedWifiTests;
			productReference = 758EBA5A1C8E88A10064BEE6 /* DetectedWifiTests.xctest */;
			productType = "com.apple.product-type.bundle.unit-test";
		};
		758EBA641C8E88A10064BEE6 /* DetectedWifiUITests */ = {
			isa = PBXNativeTarget;
			buildConfigurationList = 758EBA741C8E88A10064BEE6 /* Build configuration list for PBXNativeTarget "DetectedWifiUITests" */;
			buildPhases = (
				758EBA611C8E88A10064BEE6 /* Sources */,
				758EBA621C8E88A10064BEE6 /* Frameworks */,
				758EBA631C8E88A10064BEE6 /* Resources */,
			);
			buildRules = (
			);
			dependencies = (
				758EBA671C8E88A10064BEE6 /* PBXTargetDependency */,
			);
			name = DetectedWifiUITests;
			productName = DetectedWifiUITests;
			productReference = 758EBA651C8E88A10064BEE6 /* DetectedWifiUITests.xctest */;
			productType = "com.apple.product-type.bundle.ui-testing";
		};
/* End PBXNativeTarget section */

/* Begin PBXProject section */
		758EBA3E1C8E88A10064BEE6 /* Project object */ = {
			isa = PBXProject;
			attributes = {
				CLASSPREFIX = DW;
				LastSwiftUpdateCheck = 0720;
				LastUpgradeCheck = 0720;
				ORGANIZATIONNAME = "Than Dang";
				TargetAttributes = {
					758EBA451C8E88A10064BEE6 = {
						CreatedOnToolsVersion = 7.2.1;
						SystemCapabilities = {
							com.apple.BackgroundModes = {
								enabled = 1;
							};
						};
					};
					758EBA591C8E88A10064BEE6 = {
						CreatedOnToolsVersion = 7.2.1;
						TestTargetID = 758EBA451C8E88A10064BEE6;
					};
					758EBA641C8E88A10064BEE6 = {
						CreatedOnToolsVersion = 7.2.1;
						TestTargetID = 758EBA451C8E88A10064BEE6;
					};
				};
			};
			buildConfigurationList = 758EBA411C8E88A10064BEE6 /* Build configuration list for PBXProject "DetectedWifi" */;
			compatibilityVersion = "Xcode 3.2";
			developmentRegion = English;
			hasScannedForEncodings = 0;
			knownRegions = (
				en,
				Base,
			);
			mainGroup = 758EBA3D1C8E88A10064BEE6;
			productRefGroup = 758EBA471C8E88A10064BEE6 /* Products */;
			projectDirPath = "";
			projectRoot = "";
			targets = (
				758EBA451C8E88A10064BEE6 /* DetectedWifi */,
				758EBA591C8E88A10064BEE6 /* DetectedWifiTests */,
				758EBA641C8E88A10064BEE6 /* DetectedWifiUITests */,
			);
		};
/* End PBXProject section */

/* Begin PBXResourcesBuildPhase section */
		758EBA441C8E88A10064BEE6 /* Resources */ = {
			isa = PBXResourcesBuildPhase;
			buildActionMask = 2147483647;
			files = (
				758EBA541C8E88A10064BEE6 /* LaunchScreen.storyboard in Resources */,
				758EBA511C8E88A10064BEE6 /* Assets.xcassets in Resources */,
				758EBA4F1C8E88A10064BEE6 /* Main.storyboard in Resources */,
			);
			runOnlyForDeploymentPostprocessing = 0;
		};
		758EBA581C8E88A10064BEE6 /* Resources */ = {
			isa = PBXResourcesBuildPhase;
			buildActionMask = 2147483647;
			files = (
			);
			runOnlyForDeploymentPostprocessing = 0;
		};
		758EBA631C8E88A10064BEE6 /* Resources */ = {
			isa = PBXResourcesBuildPhase;
			buildActionMask = 2147483647;
			files = (
			);
			runOnlyForDeploymentPostprocessing = 0;
		};
/* End PBXResourcesBuildPhase section */

/* Begin PBXShellScriptBuildPhase section */
		3548B155C8D769330380D42C /* Copy Pods Resources */ = {
			isa = PBXShellScriptBuildPhase;
			buildActionMask = 2147483647;
			files = (
			);
			inputPaths = (
			);
			name = "Copy Pods Resources";
			outputPaths = (
			);
			runOnlyForDeploymentPostprocessing = 0;
			shellPath = /bin/sh;
			shellScript = "\"${SRCROOT}/Pods/Target Support Files/Pods-DetectedWifi/Pods-DetectedWifi-resources.sh\"\n";
			showEnvVarsInLog = 0;
		};
		3CD83B244589C5E0AADBEB13 /* Check Pods Manifest.lock */ = {
			isa = PBXShellScriptBuildPhase;
			buildActionMask = 2147483647;
			files = (
			);
			inputPaths = (
			);
			name = "Check Pods Manifest.lock";
			outputPaths = (
			);
			runOnlyForDeploymentPostprocessing = 0;
			shellPath = /bin/sh;
			shellScript = "diff \"${PODS_ROOT}/../Podfile.lock\" \"${PODS_ROOT}/Manifest.lock\" > /dev/null\nif [[ $? != 0 ]] ; then\n    cat << EOM\nerror: The sandbox is not in sync with the Podfile.lock. Run 'pod install' or update your CocoaPods installation.\nEOM\n    exit 1\nfi\n";
			showEnvVarsInLog = 0;
		};
		F449DC1A1CD14737CD26257C /* Embed Pods Frameworks */ = {
			isa = PBXShellScriptBuildPhase;
			buildActionMask = 2147483647;
			files = (
			);
			inputPaths = (
			);
			name = "Embed Pods Frameworks";
			outputPaths = (
			);
			runOnlyForDeploymentPostprocessing = 0;
			shellPath = /bin/sh;
			shellScript = "\"${SRCROOT}/Pods/Target Support Files/Pods-DetectedWifi/Pods-DetectedWifi-frameworks.sh\"\n";
			showEnvVarsInLog = 0;
		};
/* End PBXShellScriptBuildPhase section */

/* Begin PBXSourcesBuildPhase section */
		758EBA421C8E88A10064BEE6 /* Sources */ = {
			isa = PBXSourcesBuildPhase;
			buildActionMask = 2147483647;
			files = (
				7522CFB91C92AB4F001012CF /* TransformOf.swift in Sources */,
				7551FF851C9170E500E3412D /* Error.swift in Sources */,
				7522CFA21C92AB41001012CF /* ToJSON.swift in Sources */,
				7522CFB31C92AB4F001012CF /* DateTransform.swift in Sources */,
				7522CFB41C92AB4F001012CF /* DoubleTransform.swift in Sources */,
				7551FF891C9170E500E3412D /* Request.swift in Sources */,
				7551FF831C9170E500E3412D /* Alamofire.swift in Sources */,
				7551FF8D1C9170E500E3412D /* Stream.swift in Sources */,
				7551FF8F1C9170E500E3412D /* Validation.swift in Sources */,
				7522CFB01C92AB4F001012CF /* BoolTransform.swift in Sources */,
				7522CFB81C92AB4F001012CF /* ISO8601DateTransform.swift in Sources */,
				7522CFB61C92AB4F001012CF /* HTMLToTextTransform.swift in Sources */,
				7522CFB51C92AB4F001012CF /* EnumTransform.swift in Sources */,
				758EBA7E1C8E8F530064BEE6 /* DWConnection.swift in Sources */,
				7551FF8B1C9170E500E3412D /* Result.swift in Sources */,
				758EBA4C1C8E88A10064BEE6 /* ViewController.swift in Sources */,
				7522CFB71C92AB4F001012CF /* IntegerTransform.swift in Sources */,
				7522CFB11C92AB4F001012CF /* CustomDateFormatTransform.swift in Sources */,
				7551FF871C9170E500E3412D /* MultipartFormData.swift in Sources */,
				7551FF881C9170E500E3412D /* ParameterEncoding.swift in Sources */,
				7522CFBC1C92AB4F001012CF /* URLTransform.swift in Sources */,
				7522CF9F1C92AB41001012CF /* Map.swift in Sources */,
				758EBA4A1C8E88A10064BEE6 /* AppDelegate.swift in Sources */,
				758EBA821C8E924A0064BEE6 /* Reachability.swift in Sources */,
				7551FF841C9170E500E3412D /* Download.swift in Sources */,
				7522CFBB1C92AB4F001012CF /* UnixDateTransform.swift in Sources */,
				7551FF8E1C9170E500E3412D /* Upload.swift in Sources */,
				7522CF9E1C92AB41001012CF /* FromJSON.swift in Sources */,
				7522CFA01C92AB41001012CF /* Mapper.swift in Sources */,
				7522CFA11C92AB41001012CF /* Operators.swift in Sources */,
				7522CFB21C92AB4F001012CF /* DateFormatterTransform.swift in Sources */,
				7551FF861C9170E500E3412D /* Manager.swift in Sources */,
				7522CFBA1C92AB4F001012CF /* TransformType.swift in Sources */,
				7551FF8C1C9170E500E3412D /* ServerTrustPolicy.swift in Sources */,
				7551FF8A1C9170E500E3412D /* ResponseSerialization.swift in Sources */,
				758EBA781C8E89BA0064BEE6 /* DWLocaitonManager.swift in Sources */,
			);
			runOnlyForDeploymentPostprocessing = 0;
		};
		758EBA561C8E88A10064BEE6 /* Sources */ = {
			isa = PBXSourcesBuildPhase;
			buildActionMask = 2147483647;
			files = (
				758EBA5F1C8E88A10064BEE6 /* DetectedWifiTests.swift in Sources */,
			);
			runOnlyForDeploymentPostprocessing = 0;
		};
		758EBA611C8E88A10064BEE6 /* Sources */ = {
			isa = PBXSourcesBuildPhase;
			buildActionMask = 2147483647;
			files = (
				758EBA6A1C8E88A10064BEE6 /* DetectedWifiUITests.swift in Sources */,
			);
			runOnlyForDeploymentPostprocessing = 0;
		};
/* End PBXSourcesBuildPhase section */

/* Begin PBXTargetDependency section */
		758EBA5C1C8E88A10064BEE6 /* PBXTargetDependency */ = {
			isa = PBXTargetDependency;
			target = 758EBA451C8E88A10064BEE6 /* DetectedWifi */;
			targetProxy = 758EBA5B1C8E88A10064BEE6 /* PBXContainerItemProxy */;
		};
		758EBA671C8E88A10064BEE6 /* PBXTargetDependency */ = {
			isa = PBXTargetDependency;
			target = 758EBA451C8E88A10064BEE6 /* DetectedWifi */;
			targetProxy = 758EBA661C8E88A10064BEE6 /* PBXContainerItemProxy */;
		};
/* End PBXTargetDependency section */

/* Begin PBXVariantGroup section */
		758EBA4D1C8E88A10064BEE6 /* Main.storyboard */ = {
			isa = PBXVariantGroup;
			children = (
				758EBA4E1C8E88A10064BEE6 /* Base */,
			);
			name = Main.storyboard;
			sourceTree = "<group>";
		};
		758EBA521C8E88A10064BEE6 /* LaunchScreen.storyboard */ = {
			isa = PBXVariantGroup;
			children = (
				758EBA531C8E88A10064BEE6 /* Base */,
			);
			name = LaunchScreen.storyboard;
			sourceTree = "<group>";
		};
/* End PBXVariantGroup section */

/* Begin XCBuildConfiguration section */
		758EBA6C1C8E88A10064BEE6 /* Debug */ = {
			isa = XCBuildConfiguration;
			buildSettings = {
				ALWAYS_SEARCH_USER_PATHS = NO;
				CLANG_CXX_LANGUAGE_STANDARD = "gnu++0x";
				CLANG_CXX_LIBRARY = "libc++";
				CLANG_ENABLE_MODULES = YES;
				CLANG_ENABLE_OBJC_ARC = YES;
				CLANG_WARN_BOOL_CONVERSION = YES;
				CLANG_WARN_CONSTANT_CONVERSION = YES;
				CLANG_WARN_DIRECT_OBJC_ISA_USAGE = YES_ERROR;
				CLANG_WARN_EMPTY_BODY = YES;
				CLANG_WARN_ENUM_CONVERSION = YES;
				CLANG_WARN_INT_CONVERSION = YES;
				CLANG_WARN_OBJC_ROOT_CLASS = YES_ERROR;
				CLANG_WARN_UNREACHABLE_CODE = YES;
				CLANG_WARN__DUPLICATE_METHOD_MATCH = YES;
				"CODE_SIGN_IDENTITY[sdk=iphoneos*]" = "iPhone Developer";
				COPY_PHASE_STRIP = NO;
				DEBUG_INFORMATION_FORMAT = dwarf;
				ENABLE_STRICT_OBJC_MSGSEND = YES;
				ENABLE_TESTABILITY = YES;
				GCC_C_LANGUAGE_STANDARD = gnu99;
				GCC_DYNAMIC_NO_PIC = NO;
				GCC_NO_COMMON_BLOCKS = YES;
				GCC_OPTIMIZATION_LEVEL = 0;
				GCC_PREPROCESSOR_DEFINITIONS = (
					"DEBUG=1",
					"$(inherited)",
				);
				GCC_WARN_64_TO_32_BIT_CONVERSION = YES;
				GCC_WARN_ABOUT_RETURN_TYPE = YES_ERROR;
				GCC_WARN_UNDECLARED_SELECTOR = YES;
				GCC_WARN_UNINITIALIZED_AUTOS = YES_AGGRESSIVE;
				GCC_WARN_UNUSED_FUNCTION = YES;
				GCC_WARN_UNUSED_VARIABLE = YES;
				IPHONEOS_DEPLOYMENT_TARGET = 9.2;
				MTL_ENABLE_DEBUG_INFO = YES;
				ONLY_ACTIVE_ARCH = YES;
				SDKROOT = iphoneos;
				SWIFT_OPTIMIZATION_LEVEL = "-Onone";
			};
			name = Debug;
		};
		758EBA6D1C8E88A10064BEE6 /* Release */ = {
			isa = XCBuildConfiguration;
			buildSettings = {
				ALWAYS_SEARCH_USER_PATHS = NO;
				CLANG_CXX_LANGUAGE_STANDARD = "gnu++0x";
				CLANG_CXX_LIBRARY = "libc++";
				CLANG_ENABLE_MODULES = YES;
				CLANG_ENABLE_OBJC_ARC = YES;
				CLANG_WARN_BOOL_CONVERSION = YES;
				CLANG_WARN_CONSTANT_CONVERSION = YES;
				CLANG_WARN_DIRECT_OBJC_ISA_USAGE = YES_ERROR;
				CLANG_WARN_EMPTY_BODY = YES;
				CLANG_WARN_ENUM_CONVERSION = YES;
				CLANG_WARN_INT_CONVERSION = YES;
				CLANG_WARN_OBJC_ROOT_CLASS = YES_ERROR;
				CLANG_WARN_UNREACHABLE_CODE = YES;
				CLANG_WARN__DUPLICATE_METHOD_MATCH = YES;
				"CODE_SIGN_IDENTITY[sdk=iphoneos*]" = "iPhone Developer";
				COPY_PHASE_STRIP = NO;
				DEBUG_INFORMATION_FORMAT = "dwarf-with-dsym";
				ENABLE_NS_ASSERTIONS = NO;
				ENABLE_STRICT_OBJC_MSGSEND = YES;
				GCC_C_LANGUAGE_STANDARD = gnu99;
				GCC_NO_COMMON_BLOCKS = YES;
				GCC_WARN_64_TO_32_BIT_CONVERSION = YES;
				GCC_WARN_ABOUT_RETURN_TYPE = YES_ERROR;
				GCC_WARN_UNDECLARED_SELECTOR = YES;
				GCC_WARN_UNINITIALIZED_AUTOS = YES_AGGRESSIVE;
				GCC_WARN_UNUSED_FUNCTION = YES;
				GCC_WARN_UNUSED_VARIABLE = YES;
				IPHONEOS_DEPLOYMENT_TARGET = 9.2;
				MTL_ENABLE_DEBUG_INFO = NO;
				SDKROOT = iphoneos;
				VALIDATE_PRODUCT = YES;
			};
			name = Release;
		};
		758EBA6F1C8E88A10064BEE6 /* Debug */ = {
			isa = XCBuildConfiguration;
			baseConfigurationReference = 88976E86B485F899AF6F1763 /* Pods-DetectedWifi.debug.xcconfig */;
			buildSettings = {
				ASSETCATALOG_COMPILER_APPICON_NAME = AppIcon;
				INFOPLIST_FILE = DetectedWifi/Info.plist;
				LD_RUNPATH_SEARCH_PATHS = "$(inherited) @executable_path/Frameworks";
				PRODUCT_BUNDLE_IDENTIFIER = com.apide.DetectedWifi;
				PRODUCT_NAME = "$(TARGET_NAME)";
			};
			name = Debug;
		};
		758EBA701C8E88A10064BEE6 /* Release */ = {
			isa = XCBuildConfiguration;
			baseConfigurationReference = 8F2A910449AEB3EB7C645F98 /* Pods-DetectedWifi.release.xcconfig */;
			buildSettings = {
				ASSETCATALOG_COMPILER_APPICON_NAME = AppIcon;
				INFOPLIST_FILE = DetectedWifi/Info.plist;
				LD_RUNPATH_SEARCH_PATHS = "$(inherited) @executable_path/Frameworks";
				PRODUCT_BUNDLE_IDENTIFIER = com.apide.DetectedWifi;
				PRODUCT_NAME = "$(TARGET_NAME)";
			};
			name = Release;
		};
		758EBA721C8E88A10064BEE6 /* Debug */ = {
			isa = XCBuildConfiguration;
			buildSettings = {
				BUNDLE_LOADER = "$(TEST_HOST)";
				INFOPLIST_FILE = DetectedWifiTests/Info.plist;
				LD_RUNPATH_SEARCH_PATHS = "$(inherited) @executable_path/Frameworks @loader_path/Frameworks";
				PRODUCT_BUNDLE_IDENTIFIER = com.apide.DetectedWifiTests;
				PRODUCT_NAME = "$(TARGET_NAME)";
				TEST_HOST = "$(BUILT_PRODUCTS_DIR)/DetectedWifi.app/DetectedWifi";
			};
			name = Debug;
		};
		758EBA731C8E88A10064BEE6 /* Release */ = {
			isa = XCBuildConfiguration;
			buildSettings = {
				BUNDLE_LOADER = "$(TEST_HOST)";
				INFOPLIST_FILE = DetectedWifiTests/Info.plist;
				LD_RUNPATH_SEARCH_PATHS = "$(inherited) @executable_path/Frameworks @loader_path/Frameworks";
				PRODUCT_BUNDLE_IDENTIFIER = com.apide.DetectedWifiTests;
				PRODUCT_NAME = "$(TARGET_NAME)";
				TEST_HOST = "$(BUILT_PRODUCTS_DIR)/DetectedWifi.app/DetectedWifi";
			};
			name = Release;
		};
		758EBA751C8E88A10064BEE6 /* Debug */ = {
			isa = XCBuildConfiguration;
			buildSettings = {
				INFOPLIST_FILE = DetectedWifiUITests/Info.plist;
				LD_RUNPATH_SEARCH_PATHS = "$(inherited) @executable_path/Frameworks @loader_path/Frameworks";
				PRODUCT_BUNDLE_IDENTIFIER = com.apide.DetectedWifiUITests;
				PRODUCT_NAME = "$(TARGET_NAME)";
				TEST_TARGET_NAME = DetectedWifi;
				USES_XCTRUNNER = YES;
			};
			name = Debug;
		};
		758EBA761C8E88A10064BEE6 /* Release */ = {
			isa = XCBuildConfiguration;
			buildSettings = {
				INFOPLIST_FILE = DetectedWifiUITests/Info.plist;
				LD_RUNPATH_SEARCH_PATHS = "$(inherited) @executable_path/Frameworks @loader_path/Frameworks";
				PRODUCT_BUNDLE_IDENTIFIER = com.apide.DetectedWifiUITests;
				PRODUCT_NAME = "$(TARGET_NAME)";
				TEST_TARGET_NAME = DetectedWifi;
				USES_XCTRUNNER = YES;
			};
			name = Release;
		};
/* End XCBuildConfiguration section */

/* Begin XCConfigurationList section */
		758EBA411C8E88A10064BEE6 /* Build configuration list for PBXProject "DetectedWifi" */ = {
			isa = XCConfigurationList;
			buildConfigurations = (
				758EBA6C1C8E88A10064BEE6 /* Debug */,
				758EBA6D1C8E88A10064BEE6 /* Release */,
			);
			defaultConfigurationIsVisible = 0;
			defaultConfigurationName = Release;
		};
		758EBA6E1C8E88A10064BEE6 /* Build configuration list for PBXNativeTarget "DetectedWifi" */ = {
			isa = XCConfigurationList;
			buildConfigurations = (
				758EBA6F1C8E88A10064BEE6 /* Debug */,
				758EBA701C8E88A10064BEE6 /* Release */,
			);
			defaultConfigurationIsVisible = 0;
			defaultConfigurationName = Release;
		};
		758EBA711C8E88A10064BEE6 /* Build configuration list for PBXNativeTarget "DetectedWifiTests" */ = {
			isa = XCConfigurationList;
			buildConfigurations = (
				758EBA721C8E88A10064BEE6 /* Debug */,
				758EBA731C8E88A10064BEE6 /* Release */,
			);
			defaultConfigurationIsVisible = 0;
			defaultConfigurationName = Release;
		};
		758EBA741C8E88A10064BEE6 /* Build configuration list for PBXNativeTarget "DetectedWifiUITests" */ = {
			isa = XCConfigurationList;
			buildConfigurations = (
				758EBA751C8E88A10064BEE6 /* Debug */,
				758EBA761C8E88A10064BEE6 /* Release */,
			);
			defaultConfigurationIsVisible = 0;
			defaultConfigurationName = Release;
		};
/* End XCConfigurationList section */
	};
	rootObject = 758EBA3E1C8E88A10064BEE6 /* Project object */;
}
